# This file is automatically @generated by Cargo.
# It is not intended for manual editing.
version = 4

[[package]]
name = "quantification-core"
version = "0.1.0"

[[package]]
name = "quantification-proto"
version = "0.1.0"

[[package]]
name = "quantification-server"
version = "0.1.0"
dependencies = [
 "quantification-core",
]
